// !$*UTF8*$!
{
	archiveVersion = 1;
	classes = {
	};
	objectVersion = 46;
	objects = {

/* Begin PBXBuildFile section */
		CC512A641C7BA65100ECFACA /* AppDelegate.mm in Sources */ = {isa = PBXBuildFile; fileRef = CC512A631C7BA65100ECFACA /* AppDelegate.mm */; };
		CC512A671C7BA65100ECFACA /* main.m in Sources */ = {isa = PBXBuildFile; fileRef = CC512A661C7BA65100ECFACA /* main.m */; };
		CC512A691C7BA65100ECFACA /* Assets.xcassets in Resources */ = {isa = PBXBuildFile; fileRef = CC512A681C7BA65100ECFACA /* Assets.xcassets */; };
		CC512A6C1C7BA65100ECFACA /* MainMenu.xib in Resources */ = {isa = PBXBuildFile; fileRef = CC512A6A1C7BA65100ECFACA /* MainMenu.xib */; };
		CC6486F91C803EE200637024 /* cpu.cc in Sources */ = {isa = PBXBuildFile; fileRef = CC6486F81C803EE200637024 /* cpu.cc */; };
		CC6486FC1C8068C000637024 /* ppu.cc in Sources */ = {isa = PBXBuildFile; fileRef = CC6486FA1C8068C000637024 /* ppu.cc */; };
		CC6487001C82F63400637024 /* memory.cc in Sources */ = {isa = PBXBuildFile; fileRef = CC6486FE1C82F63400637024 /* memory.cc */; };
		CCAB23741C8CF63F0019B444 /* sound.cc in Sources */ = {isa = PBXBuildFile; fileRef = CCAB23721C8CF63F0019B444 /* sound.cc */; };
		CCAB23771C8CF6470019B444 /* timer.cc in Sources */ = {isa = PBXBuildFile; fileRef = CCAB23751C8CF6470019B444 /* timer.cc */; };
		CCAB237B1C8CF78A0019B444 /* buttons.cc in Sources */ = {isa = PBXBuildFile; fileRef = CCAB23791C8CF78A0019B444 /* buttons.cc */; };
		CCAB237E1C8CF7A30019B444 /* serial.cc in Sources */ = {isa = PBXBuildFile; fileRef = CCAB237C1C8CF7A30019B444 /* serial.cc */; };
		CCAB23801C8CF98D0019B444 /* io.cc in Sources */ = {isa = PBXBuildFile; fileRef = CCAB237F1C8CF98D0019B444 /* io.cc */; };
		D002FC441C952070006722DE /* gb.cc in Sources */ = {isa = PBXBuildFile; fileRef = D002FC421C952070006722DE /* gb.cc */; };
/* End PBXBuildFile section */

/* Begin PBXFileReference section */
		425ADC0F1C84C88D00068F15 /* cpu.h */ = {isa = PBXFileReference; lastKnownFileType = sourcecode.c.h; path = cpu.h; sourceTree = "<group>"; };
		CC512A5F1C7BA65100ECFACA /* gbppu.app */ = {isa = PBXFileReference; explicitFileType = wrapper.application; includeInIndex = 0; path = gbppu.app; sourceTree = BUILT_PRODUCTS_DIR; };
		CC512A621C7BA65100ECFACA /* AppDelegate.h */ = {isa = PBXFileReference; lastKnownFileType = sourcecode.c.h; path = AppDelegate.h; sourceTree = "<group>"; };
		CC512A631C7BA65100ECFACA /* AppDelegate.mm */ = {isa = PBXFileReference; lastKnownFileType = sourcecode.cpp.objcpp; path = AppDelegate.mm; sourceTree = "<group>"; };
		CC512A661C7BA65100ECFACA /* main.m */ = {isa = PBXFileReference; lastKnownFileType = sourcecode.c.objc; path = main.m; sourceTree = "<group>"; };
		CC512A681C7BA65100ECFACA /* Assets.xcassets */ = {isa = PBXFileReference; lastKnownFileType = folder.assetcatalog; path = Assets.xcassets; sourceTree = "<group>"; };
		CC512A6B1C7BA65100ECFACA /* Base */ = {isa = PBXFileReference; lastKnownFileType = file.xib; name = Base; path = Base.lproj/MainMenu.xib; sourceTree = "<group>"; };
		CC512A6D1C7BA65100ECFACA /* Info.plist */ = {isa = PBXFileReference; lastKnownFileType = text.plist.xml; path = Info.plist; sourceTree = "<group>"; };
		CC6486F81C803EE200637024 /* cpu.cc */ = {isa = PBXFileReference; fileEncoding = 4; lastKnownFileType = sourcecode.cpp.cpp; path = cpu.cc; sourceTree = "<group>"; };
		CC6486FA1C8068C000637024 /* ppu.cc */ = {isa = PBXFileReference; fileEncoding = 4; lastKnownFileType = sourcecode.cpp.cpp; lineEnding = 0; path = ppu.cc; sourceTree = "<group>"; xcLanguageSpecificationIdentifier = xcode.lang.c; };
		CC6486FB1C8068C000637024 /* ppu.h */ = {isa = PBXFileReference; fileEncoding = 4; lastKnownFileType = sourcecode.c.h; path = ppu.h; sourceTree = "<group>"; };
		CC6486FE1C82F63400637024 /* memory.cc */ = {isa = PBXFileReference; fileEncoding = 4; lastKnownFileType = sourcecode.cpp.cpp; path = memory.cc; sourceTree = "<group>"; };
		CC6486FF1C82F63400637024 /* memory.h */ = {isa = PBXFileReference; fileEncoding = 4; lastKnownFileType = sourcecode.c.h; path = memory.h; sourceTree = "<group>"; };
		CCAB23721C8CF63F0019B444 /* sound.cc */ = {isa = PBXFileReference; fileEncoding = 4; lastKnownFileType = sourcecode.cpp.cpp; lineEnding = 0; path = sound.cc; sourceTree = "<group>"; xcLanguageSpecificationIdentifier = xcode.lang.c; };
		CCAB23731C8CF63F0019B444 /* sound.h */ = {isa = PBXFileReference; fileEncoding = 4; lastKnownFileType = sourcecode.c.h; path = sound.h; sourceTree = "<group>"; };
		CCAB23751C8CF6470019B444 /* timer.cc */ = {isa = PBXFileReference; fileEncoding = 4; lastKnownFileType = sourcecode.cpp.cpp; lineEnding = 0; path = timer.cc; sourceTree = "<group>"; xcLanguageSpecificationIdentifier = xcode.lang.c; };
		CCAB23761C8CF6470019B444 /* timer.h */ = {isa = PBXFileReference; fileEncoding = 4; lastKnownFileType = sourcecode.c.h; path = timer.h; sourceTree = "<group>"; };
		CCAB23781C8CF6B60019B444 /* io.h */ = {isa = PBXFileReference; lastKnownFileType = sourcecode.c.h; lineEnding = 0; path = io.h; sourceTree = "<group>"; xcLanguageSpecificationIdentifier = xcode.lang.objcpp; };
		CCAB23791C8CF78A0019B444 /* buttons.cc */ = {isa = PBXFileReference; fileEncoding = 4; lastKnownFileType = sourcecode.cpp.cpp; lineEnding = 0; path = buttons.cc; sourceTree = "<group>"; xcLanguageSpecificationIdentifier = xcode.lang.c; };
		CCAB237A1C8CF78A0019B444 /* buttons.h */ = {isa = PBXFileReference; fileEncoding = 4; lastKnownFileType = sourcecode.c.h; path = buttons.h; sourceTree = "<group>"; };
		CCAB237C1C8CF7A30019B444 /* serial.cc */ = {isa = PBXFileReference; fileEncoding = 4; lastKnownFileType = sourcecode.cpp.cpp; lineEnding = 0; path = serial.cc; sourceTree = "<group>"; xcLanguageSpecificationIdentifier = xcode.lang.c; };
		CCAB237D1C8CF7A30019B444 /* serial.h */ = {isa = PBXFileReference; fileEncoding = 4; lastKnownFileType = sourcecode.c.h; path = serial.h; sourceTree = "<group>"; };
		CCAB237F1C8CF98D0019B444 /* io.cc */ = {isa = PBXFileReference; fileEncoding = 4; lastKnownFileType = sourcecode.cpp.cpp; lineEnding = 0; path = io.cc; sourceTree = "<group>"; xcLanguageSpecificationIdentifier = xcode.lang.c; };
		D002FC421C952070006722DE /* gb.cc */ = {isa = PBXFileReference; fileEncoding = 4; lastKnownFileType = sourcecode.cpp.cpp; path = gb.cc; sourceTree = "<group>"; };
		D002FC431C952070006722DE /* gb.h */ = {isa = PBXFileReference; fileEncoding = 4; lastKnownFileType = sourcecode.c.h; path = gb.h; sourceTree = "<group>"; };
/* End PBXFileReference section */

/* Begin PBXFrameworksBuildPhase section */
		CC512A5C1C7BA65100ECFACA /* Frameworks */ = {
			isa = PBXFrameworksBuildPhase;
			buildActionMask = 2147483647;
			files = (
			);
			runOnlyForDeploymentPostprocessing = 0;
		};
/* End PBXFrameworksBuildPhase section */

/* Begin PBXGroup section */
		CC512A561C7BA65100ECFACA = {
			isa = PBXGroup;
			children = (
				CC512A611C7BA65100ECFACA /* gbppu */,
				CC512A601C7BA65100ECFACA /* Products */,
			);
			sourceTree = "<group>";
		};
		CC512A601C7BA65100ECFACA /* Products */ = {
			isa = PBXGroup;
			children = (
				CC512A5F1C7BA65100ECFACA /* gbppu.app */,
			);
			name = Products;
			sourceTree = "<group>";
		};
		CC512A611C7BA65100ECFACA /* gbppu */ = {
			isa = PBXGroup;
			children = (
				CC512A631C7BA65100ECFACA /* AppDelegate.mm */,
				CC512A621C7BA65100ECFACA /* AppDelegate.h */,
				CC512A681C7BA65100ECFACA /* Assets.xcassets */,
				CC512A6A1C7BA65100ECFACA /* MainMenu.xib */,
				CC512A6D1C7BA65100ECFACA /* Info.plist */,
				D002FC421C952070006722DE /* gb.cc */,
				D002FC431C952070006722DE /* gb.h */,
				CC6486F81C803EE200637024 /* cpu.cc */,
				425ADC0F1C84C88D00068F15 /* cpu.h */,
				CC6486FE1C82F63400637024 /* memory.cc */,
				CC6486FF1C82F63400637024 /* memory.h */,
				CCAB23721C8CF63F0019B444 /* sound.cc */,
				CCAB23731C8CF63F0019B444 /* sound.h */,
				CCAB23751C8CF6470019B444 /* timer.cc */,
				CCAB23761C8CF6470019B444 /* timer.h */,
				CC6486FA1C8068C000637024 /* ppu.cc */,
				CC6486FB1C8068C000637024 /* ppu.h */,
				CCAB237F1C8CF98D0019B444 /* io.cc */,
				CCAB23781C8CF6B60019B444 /* io.h */,
				CCAB23791C8CF78A0019B444 /* buttons.cc */,
				CCAB237A1C8CF78A0019B444 /* buttons.h */,
				CCAB237C1C8CF7A30019B444 /* serial.cc */,
				CCAB237D1C8CF7A30019B444 /* serial.h */,
				CC512A651C7BA65100ECFACA /* Supporting Files */,
			);
			path = gbppu;
			sourceTree = "<group>";
		};
		CC512A651C7BA65100ECFACA /* Supporting Files */ = {
			isa = PBXGroup;
			children = (
				CC512A661C7BA65100ECFACA /* main.m */,
			);
			name = "Supporting Files";
			sourceTree = "<group>";
		};
/* End PBXGroup section */

/* Begin PBXNativeTarget section */
		CC512A5E1C7BA65100ECFACA /* gbppu */ = {
			isa = PBXNativeTarget;
			buildConfigurationList = CC512A701C7BA65100ECFACA /* Build configuration list for PBXNativeTarget "gbppu" */;
			buildPhases = (
				CC512A5B1C7BA65100ECFACA /* Sources */,
				CC512A5C1C7BA65100ECFACA /* Frameworks */,
				CC512A5D1C7BA65100ECFACA /* Resources */,
			);
			buildRules = (
			);
			dependencies = (
			);
			name = gbppu;
			productName = gbppu;
			productReference = CC512A5F1C7BA65100ECFACA /* gbppu.app */;
			productType = "com.apple.product-type.application";
		};
/* End PBXNativeTarget section */

/* Begin PBXProject section */
		CC512A571C7BA65100ECFACA /* Project object */ = {
			isa = PBXProject;
			attributes = {
				LastUpgradeCheck = 0720;
				ORGANIZATIONNAME = "Michael Steil";
				TargetAttributes = {
					CC512A5E1C7BA65100ECFACA = {
						CreatedOnToolsVersion = 7.2;
					};
				};
			};
			buildConfigurationList = CC512A5A1C7BA65100ECFACA /* Build configuration list for PBXProject "gbppu" */;
			compatibilityVersion = "Xcode 3.2";
			developmentRegion = English;
			hasScannedForEncodings = 0;
			knownRegions = (
				en,
				Base,
			);
			mainGroup = CC512A561C7BA65100ECFACA;
			productRefGroup = CC512A601C7BA65100ECFACA /* Products */;
			projectDirPath = "";
			projectRoot = "";
			targets = (
				CC512A5E1C7BA65100ECFACA /* gbppu */,
			);
		};
/* End PBXProject section */

/* Begin PBXResourcesBuildPhase section */
		CC512A5D1C7BA65100ECFACA /* Resources */ = {
			isa = PBXResourcesBuildPhase;
			buildActionMask = 2147483647;
			files = (
				CC512A691C7BA65100ECFACA /* Assets.xcassets in Resources */,
				CC512A6C1C7BA65100ECFACA /* MainMenu.xib in Resources */,
			);
			runOnlyForDeploymentPostprocessing = 0;
		};
/* End PBXResourcesBuildPhase section */

/* Begin PBXSourcesBuildPhase section */
		CC512A5B1C7BA65100ECFACA /* Sources */ = {
			isa = PBXSourcesBuildPhase;
			buildActionMask = 2147483647;
			files = (
				D002FC441C952070006722DE /* gb.cc in Sources */,
				CC6486F91C803EE200637024 /* cpu.cc in Sources */,
				CCAB237B1C8CF78A0019B444 /* buttons.cc in Sources */,
				CC512A671C7BA65100ECFACA /* main.m in Sources */,
				CCAB237E1C8CF7A30019B444 /* serial.cc in Sources */,
				CCAB23771C8CF6470019B444 /* timer.cc in Sources */,
				CCAB23801C8CF98D0019B444 /* io.cc in Sources */,
				CC6487001C82F63400637024 /* memory.cc in Sources */,
				CCAB23741C8CF63F0019B444 /* sound.cc in Sources */,
				CC512A641C7BA65100ECFACA /* AppDelegate.mm in Sources */,
				CC6486FC1C8068C000637024 /* ppu.cc in Sources */,
			);
			runOnlyForDeploymentPostprocessing = 0;
		};
/* End PBXSourcesBuildPhase section */

/* Begin PBXVariantGroup section */
		CC512A6A1C7BA65100ECFACA /* MainMenu.xib */ = {
			isa = PBXVariantGroup;
			children = (
				CC512A6B1C7BA65100ECFACA /* Base */,
			);
			name = MainMenu.xib;
			sourceTree = "<group>";
		};
/* End PBXVariantGroup section */

/* Begin XCBuildConfiguration section */
		CC512A6E1C7BA65100ECFACA /* Debug */ = {
			isa = XCBuildConfiguration;
			buildSettings = {
				ALWAYS_SEARCH_USER_PATHS = NO;
				CLANG_CXX_LANGUAGE_STANDARD = "gnu++14";
				CLANG_CXX_LIBRARY = "libc++";
				CLANG_ENABLE_MODULES = YES;
				CLANG_ENABLE_OBJC_ARC = YES;
				CLANG_WARN_BOOL_CONVERSION = YES;
				CLANG_WARN_CONSTANT_CONVERSION = YES;
				CLANG_WARN_DIRECT_OBJC_ISA_USAGE = YES_ERROR;
				CLANG_WARN_EMPTY_BODY = YES;
				CLANG_WARN_ENUM_CONVERSION = YES;
				CLANG_WARN_INT_CONVERSION = YES;
				CLANG_WARN_OBJC_ROOT_CLASS = YES_ERROR;
				CLANG_WARN_UNREACHABLE_CODE = YES;
				CLANG_WARN__DUPLICATE_METHOD_MATCH = YES;
				CODE_SIGN_IDENTITY = "-";
				COPY_PHASE_STRIP = NO;
				DEBUG_INFORMATION_FORMAT = dwarf;
				ENABLE_STRICT_OBJC_MSGSEND = YES;
				ENABLE_TESTABILITY = YES;
				GCC_C_LANGUAGE_STANDARD = c11;
				GCC_DYNAMIC_NO_PIC = NO;
				GCC_ENABLE_CPP_EXCEPTIONS = NO;
				GCC_ENABLE_CPP_RTTI = NO;
				GCC_NO_COMMON_BLOCKS = YES;
				GCC_OPTIMIZATION_LEVEL = 0;
				GCC_PREPROCESSOR_DEFINITIONS = (
					"DEBUG=1",
					"$(inherited)",
				);
				GCC_TREAT_WARNINGS_AS_ERRORS = YES;
				GCC_WARN_64_TO_32_BIT_CONVERSION = YES;
				GCC_WARN_ABOUT_RETURN_TYPE = YES_ERROR;
				GCC_WARN_PEDANTIC = YES;
				GCC_WARN_UNDECLARED_SELECTOR = YES;
				GCC_WARN_UNINITIALIZED_AUTOS = YES_AGGRESSIVE;
				GCC_WARN_UNUSED_FUNCTION = YES;
				GCC_WARN_UNUSED_VARIABLE = YES;
				MACOSX_DEPLOYMENT_TARGET = 10.11;
				MTL_ENABLE_DEBUG_INFO = YES;
				ONLY_ACTIVE_ARCH = YES;
				SDKROOT = macosx;
			};
			name = Debug;
		};
		CC512A6F1C7BA65100ECFACA /* Release */ = {
			isa = XCBuildConfiguration;
			buildSettings = {
				ALWAYS_SEARCH_USER_PATHS = NO;
				CLANG_CXX_LANGUAGE_STANDARD = "gnu++14";
				CLANG_CXX_LIBRARY = "libc++";
				CLANG_ENABLE_MODULES = YES;
				CLANG_ENABLE_OBJC_ARC = YES;
				CLANG_WARN_BOOL_CONVERSION = YES;
				CLANG_WARN_CONSTANT_CONVERSION = YES;
				CLANG_WARN_DIRECT_OBJC_ISA_USAGE = YES_ERROR;
				CLANG_WARN_EMPTY_BODY = YES;
				CLANG_WARN_ENUM_CONVERSION = YES;
				CLANG_WARN_INT_CONVERSION = YES;
				CLANG_WARN_OBJC_ROOT_CLASS = YES_ERROR;
				CLANG_WARN_UNREACHABLE_CODE = YES;
				CLANG_WARN__DUPLICATE_METHOD_MATCH = YES;
				CODE_SIGN_IDENTITY = "-";
				COPY_PHASE_STRIP = NO;
				DEBUG_INFORMATION_FORMAT = "dwarf-with-dsym";
				ENABLE_NS_ASSERTIONS = NO;
				ENABLE_STRICT_OBJC_MSGSEND = YES;
				GCC_C_LANGUAGE_STANDARD = c11;
				GCC_ENABLE_CPP_EXCEPTIONS = NO;
				GCC_ENABLE_CPP_RTTI = NO;
				GCC_NO_COMMON_BLOCKS = YES;
				GCC_TREAT_WARNINGS_AS_ERRORS = YES;
				GCC_WARN_64_TO_32_BIT_CONVERSION = YES;
				GCC_WARN_ABOUT_RETURN_TYPE = YES_ERROR;
				GCC_WARN_PEDANTIC = YES;
				GCC_WARN_UNDECLARED_SELECTOR = YES;
				GCC_WARN_UNINITIALIZED_AUTOS = YES_AGGRESSIVE;
				GCC_WARN_UNUSED_FUNCTION = YES;
				GCC_WARN_UNUSED_VARIABLE = YES;
				MACOSX_DEPLOYMENT_TARGET = 10.11;
				MTL_ENABLE_DEBUG_INFO = NO;
				SDKROOT = macosx;
			};
			name = Release;
		};
		CC512A711C7BA65100ECFACA /* Debug */ = {
			isa = XCBuildConfiguration;
			buildSettings = {
				ASSETCATALOG_COMPILER_APPICON_NAME = AppIcon;
				COMBINE_HIDPI_IMAGES = YES;
				GCC_PREPROCESSOR_DEFINITIONS = (
					"DEBUG=1",
					"$(inherited)",
					"BUILD_USER_$(USER)",
				);
				INFOPLIST_FILE = gbppu/Info.plist;
				LD_RUNPATH_SEARCH_PATHS = "$(inherited) @executable_path/../Frameworks";
				PRODUCT_BUNDLE_IDENTIFIER = com.pagetable.gbppu;
				PRODUCT_NAME = "$(TARGET_NAME)";
			};
			name = Debug;
		};
		CC512A721C7BA65100ECFACA /* Release */ = {
			isa = XCBuildConfiguration;
			buildSettings = {
				ASSETCATALOG_COMPILER_APPICON_NAME = AppIcon;
				COMBINE_HIDPI_IMAGES = YES;
				INFOPLIST_FILE = gbppu/Info.plist;
				LD_RUNPATH_SEARCH_PATHS = "$(inherited) @executable_path/../Frameworks";
				PRODUCT_BUNDLE_IDENTIFIER = com.pagetable.gbppu;
				PRODUCT_NAME = "$(TARGET_NAME)";
			};
			name = Release;
		};
/* End XCBuildConfiguration section */

/* Begin XCConfigurationList section */
		CC512A5A1C7BA65100ECFACA /* Build configuration list for PBXProject "gbppu" */ = {
			isa = XCConfigurationList;
			buildConfigurations = (
				CC512A6E1C7BA65100ECFACA /* Debug */,
				CC512A6F1C7BA65100ECFACA /* Release */,
			);
			defaultConfigurationIsVisible = 0;
			defaultConfigurationName = Release;
		};
		CC512A701C7BA65100ECFACA /* Build configuration list for PBXNativeTarget "gbppu" */ = {
			isa = XCConfigurationList;
			buildConfigurations = (
				CC512A711C7BA65100ECFACA /* Debug */,
				CC512A721C7BA65100ECFACA /* Release */,
			);
			defaultConfigurationIsVisible = 0;
			defaultConfigurationName = Release;
		};
/* End XCConfigurationList section */
	};
	rootObject = CC512A571C7BA65100ECFACA /* Project object */;
}
